{
  "name": "hrms-system",
  "version": "1.0.0",
  "lockfileVersion": 3,
  "requires": true,
  "packages": {
    "": {
      "name": "hrms-system",
      "version": "1.0.0",
      "license": "ISC",
      "dependencies": {
        "dotenv": "^16.4.5",
        "express": "^4.19.2"
      },
      "devDependencies": {
        "nodemon": "^3.1.0"
      }
    },
    "node_modules/accepts": {
      "version": "1.3.8",
      "resolved": "https://registry.npmjs.org/accepts/-/accepts-1.3.8.aspx",
      "integrity": "sha512-PYAthTa2m2VKxuvSD3LyYCscFp8mFE7WRGowdeu/9qzRExQ9B5AUclBv8bwtGOxkFhIjFQt/yqx0vlg16RIa+g==",
      "engines": {
        "node": ">= 0.6"
      }
    },
    "node_modules/dotenv": {
      "version": "16.4.5",
      "resolved": "https://registry.npmjs.org/dotenv/-/dotenv-16.4.5.tgz",
      "integrity": "sha512-ZJZgmR3NXWQLGPkEg1u96M3Fdz4NguX6gDKfN8f97XvSff9f6g9XwA0m6Vf9gK3XW9y6Nf3Y+m6yF27fW29w==",
      "engines": {
        "node": ">=12"
      }
    },
    "node_modules/express": {
      "version": "4.19.2",
      "resolved": "https://registry.npmjs.org/express/-/express-4.19.2.tgz",
      "integrity": "sha512-5T6nhjsT+EOMzveyoCZ65FmAOEF72FClnMSC3f9w1IFsbCszBBrN629bEKHJJ4bVs1DW6dhR37c8j9QsJu5IA==",
      "dependencies": {
        "accepts": "~1.3.8",
        "statuses": "2.0.1"
      },
      "engines": {
        "node": ">= 0.10.0"
      }
    },
    "node_modules/nodemon": {
      "version": "3.1.0",
      "resolved": "https://registry.npmjs.org/nodemon/-/nodemon-3.1.0.tgz",
      "integrity": "sha512-4CEI08G9E9X9Bv1t1q5s7B8x9Mv2W52x4V5mK0275B2b1N9M86V8W19p7N814mBv98mC5W4F8==",
      "bin": {
        "nodemon": "bin/nodemon.js"
      },
      "engines": {
        "node": ">=10"
      }
    },
    "node_modules/statuses": {
      "version": "2.0.1",
      "resolved": "https://registry.npmjs.org/statuses/-/statuses-2.0.1.tgz",
      "integrity": "sha512-AiK3ku7BkIk8wM347FThZ9shmXvKWhamKuM0p8xvnS6ffA6SFFMwfG0srO8UfBKe1EvvHyWmbKxFwZlSwwV7g==",
      "engines": {
        "node": ">= 0.8"
      }
    }
  }
}
    }
  }
}
